PODS:
  - Atlas (1.0.30):
    - LayerKit (>= 0.23.0)
  - ClusterPrePermissions (0.8.1)
  - Expecta (1.0.5)
  - KIF (3.5.1):
    - KIF/Core (= 3.5.1)
  - KIF/Core (3.5.1)
  - KIFViewControllerActions (1.0.1):
    - KIF (>= 2.0.0)
  - LayerKit (0.23.3)
  - LYRCountDownLatch (0.9.0)
  - OCMock (3.3.1)
  - SVProgressHUD (2.0.3)

DEPENDENCIES:
  - Atlas (~> 1.0.30)
  - ClusterPrePermissions (~> 0.1)
  - Expecta
  - KIF
  - KIFViewControllerActions
  - LYRCountDownLatch
  - OCMock
  - SVProgressHUD

SPEC CHECKSUMS:
  Atlas: 82ea2777b9bed19bc3704fd8b265af0301786d8c
  ClusterPrePermissions: 168c127a658e423062550dd9c56fe26042a58bce
  Expecta: e1c022fcd33910b6be89c291d2775b3fe27a89fe
  KIF: '082eb65279e51c3092923802849eb796a04982ab'
  KIFViewControllerActions: fc3a8e1352a6609624bda1fe6cfad410d0e88552
  LayerKit: 128b3b0c036422458d621f81f36e6b42d372feba
  LYRCountDownLatch: 72a444f729ca5a8c6157c0b58f335a44e6702b48
  OCMock: f3f61e6eaa16038c30caa5798c5e49d3307b6f22
  SVProgressHUD: b0830714205bea1317ea1a2ebc71e5633af334d4

PODFILE CHECKSUM: d31793103896b53405cdc6b64702a99553ed476b

COCOAPODS: 1.1.1
