PODS:
  - Atlas (1.0.31):
    - LayerKit (>= 0.23.0)
  - ClusterPrePermissions (0.8.1)
  - Expecta (1.0.5)
  - KIF (3.5.1):
    - KIF/Core (= 3.5.1)
  - KIF/Core (3.5.1)
  - KIFViewControllerActions (1.0.1):
    - KIF (>= 2.0.0)
  - LayerKit (0.24.0)
  - LYRCountDownLatch (0.9.0)
  - OCMock (3.4)
  - RNCryptor-objc (3.0.2)
  - SVProgressHUD (2.1.2)

DEPENDENCIES:
  - Atlas
  - ClusterPrePermissions (~> 0.1)
  - Expecta
  - KIF
  - KIFViewControllerActions
  - LYRCountDownLatch
  - OCMock
  - RNCryptor-objc
  - SVProgressHUD

SPEC CHECKSUMS:
  Atlas: 291d97b97d9f0be83b40a3ca8529dee77292900c
  ClusterPrePermissions: 168c127a658e423062550dd9c56fe26042a58bce
  Expecta: e1c022fcd33910b6be89c291d2775b3fe27a89fe
  KIF: 082eb65279e51c3092923802849eb796a04982ab
  KIFViewControllerActions: fc3a8e1352a6609624bda1fe6cfad410d0e88552
  LayerKit: ef028036b5623d2daf2f590c688fd790cd90340c
  LYRCountDownLatch: 72a444f729ca5a8c6157c0b58f335a44e6702b48
  OCMock: 35ae71d6a8fcc1b59434d561d1520b9dd4f15765
  RNCryptor-objc: 6d18b2e4297c8f4a71a295492366313a3245d0ae
  SVProgressHUD: c404a55d78acbeb7ebb78b76d3faf986475a6994

PODFILE CHECKSUM: e2516e73f2802de8fa94a8ebbfb43f599c7e42c7

COCOAPODS: 1.1.1
